
Microsoft Visual Studio Solution File, Format Version 12.00
# Visual Studio 15
VisualStudioVersion = 15.0.27130.2027
MinimumVisualStudioVersion = 10.0.40219.1
Project("{9A19103F-16F7-4668-BE54-9A1E7A4F7556}") = "AWSServerless1", "AWSServerless1\AWSServerless1.csproj", "{4080980C-AB5C-4F0A-9125-F7A9A6440747}"
EndProject
Project("{9A19103F-16F7-4668-BE54-9A1E7A4F7556}") = "AWSServerless1.Tests", "AWSServerless1.Tests\AWSServerless1.Tests.csproj", "{0745DC87-C7FB-4E03-97F1-0190CF9C7D1D}"
EndProject
Global
	GlobalSection(SolutionConfigurationPlatforms) = preSolution
		Debug|Any CPU = Debug|Any CPU
		Release|Any CPU = Release|Any CPU
	EndGlobalSection
	GlobalSection(ProjectConfigurationPlatforms) = postSolution
		{4080980C-AB5C-4F0A-9125-F7A9A6440747}.Debug|Any CPU.ActiveCfg = Debug|Any CPU
		{4080980C-AB5C-4F0A-9125-F7A9A6440747}.Debug|Any CPU.Build.0 = Debug|Any CPU
		{4080980C-AB5C-4F0A-9125-F7A9A6440747}.Release|Any CPU.ActiveCfg = Release|Any CPU
		{4080980C-AB5C-4F0A-9125-F7A9A6440747}.Release|Any CPU.Build.0 = Release|Any CPU
		{0745DC87-C7FB-4E03-97F1-0190CF9C7D1D}.Debug|Any CPU.ActiveCfg = Debug|Any CPU
		{0745DC87-C7FB-4E03-97F1-0190CF9C7D1D}.Debug|Any CPU.Build.0 = Debug|Any CPU
		{0745DC87-C7FB-4E03-97F1-0190CF9C7D1D}.Release|Any CPU.ActiveCfg = Release|Any CPU
		{0745DC87-C7FB-4E03-97F1-0190CF9C7D1D}.Release|Any CPU.Build.0 = Release|Any CPU
	EndGlobalSection
	GlobalSection(SolutionProperties) = preSolution
		HideSolutionNode = FALSE
	EndGlobalSection
	GlobalSection(ExtensibilityGlobals) = postSolution
		SolutionGuid = {E8FB48AE-458A-461D-91CE-9F46A5AC22ED}
	EndGlobalSection
EndGlobal
